
Microsoft Visual Studio Solution File, Format Version 12.00
# Visual Studio Version 17
VisualStudioVersion = 17.11.35312.102
MinimumVisualStudioVersion = 10.0.40219.1
Project("{FAE04EC0-301F-11D3-BF4B-00C04F79EFBC}") = "AISD_Exam", "AISD_Exam.csproj", "{BB2D8911-64F5-49F3-A440-C40FA9CD53EB}"
EndProject
Global
	GlobalSection(SolutionConfigurationPlatforms) = preSolution
		Debug|Any CPU = Debug|Any CPU
		Release|Any CPU = Release|Any CPU
	EndGlobalSection
	GlobalSection(ProjectConfigurationPlatforms) = postSolution
		{BB2D8911-64F5-49F3-A440-C40FA9CD53EB}.Debug|Any CPU.ActiveCfg = Debug|Any CPU
		{BB2D8911-64F5-49F3-A440-C40FA9CD53EB}.Debug|Any CPU.Build.0 = Debug|Any CPU
		{BB2D8911-64F5-49F3-A440-C40FA9CD53EB}.Release|Any CPU.ActiveCfg = Release|Any CPU
		{BB2D8911-64F5-49F3-A440-C40FA9CD53EB}.Release|Any CPU.Build.0 = Release|Any CPU
	EndGlobalSection
	GlobalSection(SolutionProperties) = preSolution
		HideSolutionNode = FALSE
	EndGlobalSection
	GlobalSection(ExtensibilityGlobals) = postSolution
		SolutionGuid = {03A06E5C-80A0-4B8E-A83A-9B7CA66CA861}
	EndGlobalSection
EndGlobal
